
Microsoft Visual Studio Solution File, Format Version 12.00
# Visual Studio Version 16
VisualStudioVersion = 16.0.31205.134
MinimumVisualStudioVersion = 10.0.40219.1
Project("{FAE04EC0-301F-11D3-BF4B-00C04F79EFBC}") = "MontyHallDeadlyVersion", "MontyHallDeadlyVersion.csproj", "{59600265-60A0-463D-BA90-73B8FFC7DAC1}"
EndProject
Global
	GlobalSection(SolutionConfigurationPlatforms) = preSolution
		Debug|Any CPU = Debug|Any CPU
		Release|Any CPU = Release|Any CPU
	EndGlobalSection
	GlobalSection(ProjectConfigurationPlatforms) = postSolution
		{59600265-60A0-463D-BA90-73B8FFC7DAC1}.Debug|Any CPU.ActiveCfg = Debug|Any CPU
		{59600265-60A0-463D-BA90-73B8FFC7DAC1}.Debug|Any CPU.Build.0 = Debug|Any CPU
		{59600265-60A0-463D-BA90-73B8FFC7DAC1}.Release|Any CPU.ActiveCfg = Release|Any CPU
		{59600265-60A0-463D-BA90-73B8FFC7DAC1}.Release|Any CPU.Build.0 = Release|Any CPU
	EndGlobalSection
	GlobalSection(SolutionProperties) = preSolution
		HideSolutionNode = FALSE
	EndGlobalSection
	GlobalSection(ExtensibilityGlobals) = postSolution
		SolutionGuid = {391DBF71-65ED-4A0D-B591-9BE6329673F3}
	EndGlobalSection
EndGlobal
